
Microsoft Visual Studio Solution File, Format Version 12.00
# Visual Studio Version 17
VisualStudioVersion = 17.5.002.0
MinimumVisualStudioVersion = 10.0.40219.1
<<<<<<< HEAD
Project("{9A19103F-16F7-4668-BE54-9A1E7A4F7556}") = "herramientas-parcial1-OliveraJorgeDaniel", "herramientas-parcial1-OliveraJorgeDaniel.csproj", "{EDFF1D30-8C5D-4340-952F-0A9FF72FD487}"
=======
Project("{9A19103F-16F7-4668-BE54-9A1E7A4F7556}") = "herramientas-parcial1-OliveraJorgeDaniel", "herramientas-parcial1-OliveraJorgeDaniel.csproj", "{509D0D41-A531-4FDF-BADB-8326AF1D8E48}"
>>>>>>> a7329c4f5196a83aac20f933a06e5aac29b592c0
EndProject
Global
	GlobalSection(SolutionConfigurationPlatforms) = preSolution
		Debug|Any CPU = Debug|Any CPU
		Release|Any CPU = Release|Any CPU
	EndGlobalSection
	GlobalSection(ProjectConfigurationPlatforms) = postSolution
<<<<<<< HEAD
		{EDFF1D30-8C5D-4340-952F-0A9FF72FD487}.Debug|Any CPU.ActiveCfg = Debug|Any CPU
		{EDFF1D30-8C5D-4340-952F-0A9FF72FD487}.Debug|Any CPU.Build.0 = Debug|Any CPU
		{EDFF1D30-8C5D-4340-952F-0A9FF72FD487}.Release|Any CPU.ActiveCfg = Release|Any CPU
		{EDFF1D30-8C5D-4340-952F-0A9FF72FD487}.Release|Any CPU.Build.0 = Release|Any CPU
=======
		{509D0D41-A531-4FDF-BADB-8326AF1D8E48}.Debug|Any CPU.ActiveCfg = Debug|Any CPU
		{509D0D41-A531-4FDF-BADB-8326AF1D8E48}.Debug|Any CPU.Build.0 = Debug|Any CPU
		{509D0D41-A531-4FDF-BADB-8326AF1D8E48}.Release|Any CPU.ActiveCfg = Release|Any CPU
		{509D0D41-A531-4FDF-BADB-8326AF1D8E48}.Release|Any CPU.Build.0 = Release|Any CPU
>>>>>>> a7329c4f5196a83aac20f933a06e5aac29b592c0
	EndGlobalSection
	GlobalSection(SolutionProperties) = preSolution
		HideSolutionNode = FALSE
	EndGlobalSection
	GlobalSection(ExtensibilityGlobals) = postSolution
<<<<<<< HEAD
		SolutionGuid = {D0C3B93E-E8EB-4F7F-8323-848388EF3E53}
=======
		SolutionGuid = {DE636CC1-A4CF-409E-85C2-BB1D86C5D761}
>>>>>>> a7329c4f5196a83aac20f933a06e5aac29b592c0
	EndGlobalSection
EndGlobal
